schema: '2.0'
stages:
  prepare:
    cmd: uv run src/prepare.py data/raw/dataset.csv data/processed
    deps:
    - path: data/raw/dataset.csv
      hash: md5
      md5: 308443a50e5c993e7b8a1cdb95750026
      size: 66212309
    - path: src/prepare.py
      hash: md5
      md5: aa0a506a22a29ef78dcf239613fe21a6
      size: 2005
    outs:
    - path: data/processed
      hash: md5
      md5: 55b7b3ca0bf9c4f915a2814b453bdf07.dir
      size: 36300631
      nfiles: 2
  train:
    cmd: python src/train.py --input_dir data/processed --C 1.0 --max_features 
      5000
    deps:
    - path: data/processed
      hash: md5
      md5: 59ae4f271f1d877e78f590b0e89b7045.dir
      size: 36250629
      nfiles: 2
    - path: src/train.py
      hash: md5
      md5: 762f00825e1753151916ef210081a445
      size: 4305
    params:
      params.yaml:
        train.C: 1.0
        train.max_features: 5000
  optimize:
    cmd: uv run src/optimize.py
    deps:
    - path: config/
      hash: md5
      md5: 4b611ee9d098ee038c87667f5f764c1e.dir
      size: 1622
      nfiles: 6
    - path: data/processed
      hash: md5
      md5: 55b7b3ca0bf9c4f915a2814b453bdf07.dir
      size: 36300631
      nfiles: 2
    - path: src/optimize.py
      hash: md5
      md5: b7b9664311ca84ca111ab9d8c46541a8
      size: 11268
      isexec: true
    outs:
    - path: models/model.pkl
      hash: md5
      md5: abd08048448f799cd3314d02662a6104
      size: 2266597
      isexec: true
    - path: reports/confusion_matrix.png
      hash: md5
      md5: ea614a93808fac1aea29aacee36c2901
      size: 19828
      isexec: true
    - path: reports/metrics.json
      hash: md5
      md5: a72b6459b4ad012d7f7f01e60e3c7687
      size: 52
      isexec: true
  download:
    cmd: uv run src/download.py
    deps:
    - path: src/download.py
      hash: md5
      md5: e71657cd3d050ee627b6b53980fa8c6c
      size: 427
      isexec: true
    outs:
    - path: data/raw/dataset.csv
      hash: md5
      md5: 308443a50e5c993e7b8a1cdb95750026
      size: 66212309
      isexec: true
  test_data:
    cmd: uv run pytest tests/test_data.py -v
    deps:
    - path: data/processed
      hash: md5
      md5: 55b7b3ca0bf9c4f915a2814b453bdf07.dir
      size: 36300631
      nfiles: 2
    - path: tests/test_data.py
      hash: md5
      md5: fc668de0cbdabe0f85e068f5088f040c
      size: 1704
      isexec: true
  test_model:
    cmd: uv run pytest tests/test_model.py -v
    deps:
    - path: models/model.pkl
      hash: md5
      md5: abd08048448f799cd3314d02662a6104
      size: 2266597
      isexec: true
    - path: reports/metrics.json
      hash: md5
      md5: a72b6459b4ad012d7f7f01e60e3c7687
      size: 52
      isexec: true
    - path: tests/test_model.py
      hash: md5
      md5: 6adaac086b390e1ecec27335821b1403
      size: 1036
      isexec: true
